
Microsoft Visual Studio Solution File, Format Version 12.00
# Visual Studio Version 17
VisualStudioVersion = 17.4.33403.182
MinimumVisualStudioVersion = 10.0.40219.1
Project("{FAE04EC0-301F-11D3-BF4B-00C04F79EFBC}") = "ASP_JWT", "ASP_JWT\ASP_JWT.csproj", "{71C0FD16-74AB-4E28-B768-41C15AF7B627}"
EndProject
Global
	GlobalSection(SolutionConfigurationPlatforms) = preSolution
		Debug|Any CPU = Debug|Any CPU
		Release|Any CPU = Release|Any CPU
	EndGlobalSection
	GlobalSection(ProjectConfigurationPlatforms) = postSolution
		{71C0FD16-74AB-4E28-B768-41C15AF7B627}.Debug|Any CPU.ActiveCfg = Debug|Any CPU
		{71C0FD16-74AB-4E28-B768-41C15AF7B627}.Debug|Any CPU.Build.0 = Debug|Any CPU
		{71C0FD16-74AB-4E28-B768-41C15AF7B627}.Release|Any CPU.ActiveCfg = Release|Any CPU
		{71C0FD16-74AB-4E28-B768-41C15AF7B627}.Release|Any CPU.Build.0 = Release|Any CPU
	EndGlobalSection
	GlobalSection(SolutionProperties) = preSolution
		HideSolutionNode = FALSE
	EndGlobalSection
	GlobalSection(ExtensibilityGlobals) = postSolution
		SolutionGuid = {FBD58CED-BD18-44BB-B05F-CED68B1482B7}
	EndGlobalSection
EndGlobal
